
Microsoft Visual Studio Solution File, Format Version 12.00
# Visual Studio Version 17
VisualStudioVersion = 17.13.35919.96 d17.13
MinimumVisualStudioVersion = 10.0.40219.1
Project("{FAE04EC0-301F-11D3-BF4B-00C04F79EFBC}") = "Easy Study", "Easy Study\Easy Study.csproj", "{DBED3CB9-380D-4F20-88C2-3E778236891A}"
EndProject
Global
	GlobalSection(SolutionConfigurationPlatforms) = preSolution
		Debug|Any CPU = Debug|Any CPU
		Release|Any CPU = Release|Any CPU
	EndGlobalSection
	GlobalSection(ProjectConfigurationPlatforms) = postSolution
		{DBED3CB9-380D-4F20-88C2-3E778236891A}.Debug|Any CPU.ActiveCfg = Debug|Any CPU
		{DBED3CB9-380D-4F20-88C2-3E778236891A}.Debug|Any CPU.Build.0 = Debug|Any CPU
		{DBED3CB9-380D-4F20-88C2-3E778236891A}.Release|Any CPU.ActiveCfg = Release|Any CPU
		{DBED3CB9-380D-4F20-88C2-3E778236891A}.Release|Any CPU.Build.0 = Release|Any CPU
	EndGlobalSection
	GlobalSection(SolutionProperties) = preSolution
		HideSolutionNode = FALSE
	EndGlobalSection
	GlobalSection(ExtensibilityGlobals) = postSolution
		SolutionGuid = {75228273-5634-4AC6-8DB6-75A6DEC8B467}
	EndGlobalSection
EndGlobal
